// !$*UTF8*$!
{
	archiveVersion = 1;
	classes = {
	};
	objectVersion = 46;
	objects = {

/* Begin PBXBuildFile section */
		9A50801B1AD99EFD00D15586 /* Access.swift in Sources */ = {isa = PBXBuildFile; fileRef = 9A50801A1AD99EFD00D15586 /* Access.swift */; };
		9A5080211AD9B14700D15586 /* JFBCrypt.m in Sources */ = {isa = PBXBuildFile; fileRef = 9A50801D1AD9B14700D15586 /* JFBCrypt.m */; settings = {COMPILER_FLAGS = "-fno-objc-arc"; }; };
		9A5080221AD9B14700D15586 /* JFRandom.m in Sources */ = {isa = PBXBuildFile; fileRef = 9A5080201AD9B14700D15586 /* JFRandom.m */; settings = {COMPILER_FLAGS = "-fno-objc-arc"; }; };
		9A5080261AD9BEA300D15586 /* Ajax.swift in Sources */ = {isa = PBXBuildFile; fileRef = 9A5080251AD9BEA300D15586 /* Ajax.swift */; };
		9A5080281AD9E70B00D15586 /* DataModel.swift in Sources */ = {isa = PBXBuildFile; fileRef = 9A5080271AD9E70B00D15586 /* DataModel.swift */; };
		9A50802A1ADC89E100D15586 /* Track.swift in Sources */ = {isa = PBXBuildFile; fileRef = 9A5080291ADC89E100D15586 /* Track.swift */; };
		9A50802C1ADE056200D15586 /* RemoteMp3Player.swift in Sources */ = {isa = PBXBuildFile; fileRef = 9A50802B1ADE056200D15586 /* RemoteMp3Player.swift */; };
		9AEB58B41AB6318100BF103F /* AppDelegate.swift in Sources */ = {isa = PBXBuildFile; fileRef = 9AEB58B31AB6318100BF103F /* AppDelegate.swift */; };
		9AEB58B61AB6318100BF103F /* SearchCatalog.swift in Sources */ = {isa = PBXBuildFile; fileRef = 9AEB58B51AB6318100BF103F /* SearchCatalog.swift */; };
		9AEB58B91AB6318100BF103F /* Main.storyboard in Resources */ = {isa = PBXBuildFile; fileRef = 9AEB58B71AB6318100BF103F /* Main.storyboard */; };
		9AEB58BB1AB6318100BF103F /* Images.xcassets in Resources */ = {isa = PBXBuildFile; fileRef = 9AEB58BA1AB6318100BF103F /* Images.xcassets */; };
		9AEB58BE1AB6318100BF103F /* LaunchScreen.xib in Resources */ = {isa = PBXBuildFile; fileRef = 9AEB58BC1AB6318100BF103F /* LaunchScreen.xib */; };
		9AEB58CA1AB6318200BF103F /* MdsClientTests.swift in Sources */ = {isa = PBXBuildFile; fileRef = 9AEB58C91AB6318200BF103F /* MdsClientTests.swift */; };
		9AEB58D41AB9241100BF103F /* Record.swift in Sources */ = {isa = PBXBuildFile; fileRef = 9AEB58D31AB9241100BF103F /* Record.swift */; };
/* End PBXBuildFile section */

/* Begin PBXContainerItemProxy section */
		9AEB58C41AB6318200BF103F /* PBXContainerItemProxy */ = {
			isa = PBXContainerItemProxy;
			containerPortal = 9AEB58A61AB6318100BF103F /* Project object */;
			proxyType = 1;
			remoteGlobalIDString = 9AEB58AD1AB6318100BF103F;
			remoteInfo = MdsClient;
		};
/* End PBXContainerItemProxy section */

/* Begin PBXFileReference section */
		9A50801A1AD99EFD00D15586 /* Access.swift */ = {isa = PBXFileReference; fileEncoding = 4; lastKnownFileType = sourcecode.swift; path = Access.swift; sourceTree = "<group>"; };
		9A50801C1AD9B14700D15586 /* JFBcrypt.h */ = {isa = PBXFileReference; fileEncoding = 4; lastKnownFileType = sourcecode.c.h; path = JFBcrypt.h; sourceTree = "<group>"; };
		9A50801D1AD9B14700D15586 /* JFBCrypt.m */ = {isa = PBXFileReference; fileEncoding = 4; lastKnownFileType = sourcecode.c.objc; path = JFBCrypt.m; sourceTree = "<group>"; };
		9A50801E1AD9B14700D15586 /* JFGC.h */ = {isa = PBXFileReference; fileEncoding = 4; lastKnownFileType = sourcecode.c.h; path = JFGC.h; sourceTree = "<group>"; };
		9A50801F1AD9B14700D15586 /* JFRandom.h */ = {isa = PBXFileReference; fileEncoding = 4; lastKnownFileType = sourcecode.c.h; path = JFRandom.h; sourceTree = "<group>"; };
		9A5080201AD9B14700D15586 /* JFRandom.m */ = {isa = PBXFileReference; fileEncoding = 4; lastKnownFileType = sourcecode.c.objc; path = JFRandom.m; sourceTree = "<group>"; };
		9A5080231AD9B1A400D15586 /* MdsClient-Bridging-Header.h */ = {isa = PBXFileReference; lastKnownFileType = sourcecode.c.h; path = "MdsClient-Bridging-Header.h"; sourceTree = "<group>"; };
		9A5080251AD9BEA300D15586 /* Ajax.swift */ = {isa = PBXFileReference; fileEncoding = 4; lastKnownFileType = sourcecode.swift; path = Ajax.swift; sourceTree = "<group>"; };
		9A5080271AD9E70B00D15586 /* DataModel.swift */ = {isa = PBXFileReference; fileEncoding = 4; lastKnownFileType = sourcecode.swift; path = DataModel.swift; sourceTree = "<group>"; };
		9A5080291ADC89E100D15586 /* Track.swift */ = {isa = PBXFileReference; fileEncoding = 4; lastKnownFileType = sourcecode.swift; path = Track.swift; sourceTree = "<group>"; };
		9A50802B1ADE056200D15586 /* RemoteMp3Player.swift */ = {isa = PBXFileReference; fileEncoding = 4; lastKnownFileType = sourcecode.swift; path = RemoteMp3Player.swift; sourceTree = "<group>"; };
		9AEB58AE1AB6318100BF103F /* MdsClient.app */ = {isa = PBXFileReference; explicitFileType = wrapper.application; includeInIndex = 0; path = MdsClient.app; sourceTree = BUILT_PRODUCTS_DIR; };
		9AEB58B21AB6318100BF103F /* Info.plist */ = {isa = PBXFileReference; lastKnownFileType = text.plist.xml; path = Info.plist; sourceTree = "<group>"; };
		9AEB58B31AB6318100BF103F /* AppDelegate.swift */ = {isa = PBXFileReference; lastKnownFileType = sourcecode.swift; path = AppDelegate.swift; sourceTree = "<group>"; };
		9AEB58B51AB6318100BF103F /* SearchCatalog.swift */ = {isa = PBXFileReference; lastKnownFileType = sourcecode.swift; path = SearchCatalog.swift; sourceTree = "<group>"; };
		9AEB58B81AB6318100BF103F /* Base */ = {isa = PBXFileReference; lastKnownFileType = file.storyboard; name = Base; path = Base.lproj/Main.storyboard; sourceTree = "<group>"; };
		9AEB58BA1AB6318100BF103F /* Images.xcassets */ = {isa = PBXFileReference; lastKnownFileType = folder.assetcatalog; path = Images.xcassets; sourceTree = "<group>"; };
		9AEB58BD1AB6318100BF103F /* Base */ = {isa = PBXFileReference; lastKnownFileType = file.xib; name = Base; path = Base.lproj/LaunchScreen.xib; sourceTree = "<group>"; };
		9AEB58C31AB6318200BF103F /* MdsClientTests.xctest */ = {isa = PBXFileReference; explicitFileType = wrapper.cfbundle; includeInIndex = 0; path = MdsClientTests.xctest; sourceTree = BUILT_PRODUCTS_DIR; };
		9AEB58C81AB6318200BF103F /* Info.plist */ = {isa = PBXFileReference; lastKnownFileType = text.plist.xml; path = Info.plist; sourceTree = "<group>"; };
		9AEB58C91AB6318200BF103F /* MdsClientTests.swift */ = {isa = PBXFileReference; lastKnownFileType = sourcecode.swift; path = MdsClientTests.swift; sourceTree = "<group>"; };
		9AEB58D31AB9241100BF103F /* Record.swift */ = {isa = PBXFileReference; fileEncoding = 4; lastKnownFileType = sourcecode.swift; path = Record.swift; sourceTree = "<group>"; };
/* End PBXFileReference section */

/* Begin PBXFrameworksBuildPhase section */
		9AEB58AB1AB6318100BF103F /* Frameworks */ = {
			isa = PBXFrameworksBuildPhase;
			buildActionMask = 2147483647;
			files = (
			);
			runOnlyForDeploymentPostprocessing = 0;
		};
		9AEB58C01AB6318200BF103F /* Frameworks */ = {
			isa = PBXFrameworksBuildPhase;
			buildActionMask = 2147483647;
			files = (
			);
			runOnlyForDeploymentPostprocessing = 0;
		};
/* End PBXFrameworksBuildPhase section */

/* Begin PBXGroup section */
		9A5080241AD9B33D00D15586 /* Access */ = {
			isa = PBXGroup;
			children = (
				9A5080231AD9B1A400D15586 /* MdsClient-Bridging-Header.h */,
				9A50801C1AD9B14700D15586 /* JFBcrypt.h */,
				9A50801D1AD9B14700D15586 /* JFBCrypt.m */,
				9A50801E1AD9B14700D15586 /* JFGC.h */,
				9A50801F1AD9B14700D15586 /* JFRandom.h */,
				9A5080201AD9B14700D15586 /* JFRandom.m */,
				9A50801A1AD99EFD00D15586 /* Access.swift */,
			);
			name = Access;
			sourceTree = "<group>";
		};
		9AEB58A51AB6318100BF103F = {
			isa = PBXGroup;
			children = (
				9AEB58B01AB6318100BF103F /* MdsClient */,
				9AEB58C61AB6318200BF103F /* MdsClientTests */,
				9AEB58AF1AB6318100BF103F /* Products */,
			);
			sourceTree = "<group>";
		};
		9AEB58AF1AB6318100BF103F /* Products */ = {
			isa = PBXGroup;
			children = (
				9AEB58AE1AB6318100BF103F /* MdsClient.app */,
				9AEB58C31AB6318200BF103F /* MdsClientTests.xctest */,
			);
			name = Products;
			sourceTree = "<group>";
		};
		9AEB58B01AB6318100BF103F /* MdsClient */ = {
			isa = PBXGroup;
			children = (
				9A5080241AD9B33D00D15586 /* Access */,
				9AEB58B31AB6318100BF103F /* AppDelegate.swift */,
				9A5080251AD9BEA300D15586 /* Ajax.swift */,
				9A5080271AD9E70B00D15586 /* DataModel.swift */,
				9AEB58B71AB6318100BF103F /* Main.storyboard */,
				9AEB58D31AB9241100BF103F /* Record.swift */,
				9A50802B1ADE056200D15586 /* RemoteMp3Player.swift */,
				9AEB58B51AB6318100BF103F /* SearchCatalog.swift */,
				9A5080291ADC89E100D15586 /* Track.swift */,
				9AEB58BA1AB6318100BF103F /* Images.xcassets */,
				9AEB58BC1AB6318100BF103F /* LaunchScreen.xib */,
				9AEB58B11AB6318100BF103F /* Supporting Files */,
			);
			path = MdsClient;
			sourceTree = "<group>";
		};
		9AEB58B11AB6318100BF103F /* Supporting Files */ = {
			isa = PBXGroup;
			children = (
				9AEB58B21AB6318100BF103F /* Info.plist */,
			);
			name = "Supporting Files";
			sourceTree = "<group>";
		};
		9AEB58C61AB6318200BF103F /* MdsClientTests */ = {
			isa = PBXGroup;
			children = (
				9AEB58C91AB6318200BF103F /* MdsClientTests.swift */,
				9AEB58C71AB6318200BF103F /* Supporting Files */,
			);
			path = MdsClientTests;
			sourceTree = "<group>";
		};
		9AEB58C71AB6318200BF103F /* Supporting Files */ = {
			isa = PBXGroup;
			children = (
				9AEB58C81AB6318200BF103F /* Info.plist */,
			);
			name = "Supporting Files";
			sourceTree = "<group>";
		};
/* End PBXGroup section */

/* Begin PBXNativeTarget section */
		9AEB58AD1AB6318100BF103F /* MdsClient */ = {
			isa = PBXNativeTarget;
			buildConfigurationList = 9AEB58CD1AB6318200BF103F /* Build configuration list for PBXNativeTarget "MdsClient" */;
			buildPhases = (
				9AEB58AA1AB6318100BF103F /* Sources */,
				9AEB58AB1AB6318100BF103F /* Frameworks */,
				9AEB58AC1AB6318100BF103F /* Resources */,
			);
			buildRules = (
			);
			dependencies = (
			);
			name = MdsClient;
			productName = MdsClient;
			productReference = 9AEB58AE1AB6318100BF103F /* MdsClient.app */;
			productType = "com.apple.product-type.application";
		};
		9AEB58C21AB6318200BF103F /* MdsClientTests */ = {
			isa = PBXNativeTarget;
			buildConfigurationList = 9AEB58D01AB6318200BF103F /* Build configuration list for PBXNativeTarget "MdsClientTests" */;
			buildPhases = (
				9AEB58BF1AB6318200BF103F /* Sources */,
				9AEB58C01AB6318200BF103F /* Frameworks */,
				9AEB58C11AB6318200BF103F /* Resources */,
			);
			buildRules = (
			);
			dependencies = (
				9AEB58C51AB6318200BF103F /* PBXTargetDependency */,
			);
			name = MdsClientTests;
			productName = MdsClientTests;
			productReference = 9AEB58C31AB6318200BF103F /* MdsClientTests.xctest */;
			productType = "com.apple.product-type.bundle.unit-test";
		};
/* End PBXNativeTarget section */

/* Begin PBXProject section */
		9AEB58A61AB6318100BF103F /* Project object */ = {
			isa = PBXProject;
			attributes = {
				LastUpgradeCheck = 0620;
				ORGANIZATIONNAME = "Evgeniy Pozdnyakov";
				TargetAttributes = {
					9AEB58AD1AB6318100BF103F = {
						CreatedOnToolsVersion = 6.2;
						SystemCapabilities = {
							com.apple.BackgroundModes = {
								enabled = 1;
							};
						};
					};
					9AEB58C21AB6318200BF103F = {
						CreatedOnToolsVersion = 6.2;
						TestTargetID = 9AEB58AD1AB6318100BF103F;
					};
				};
			};
			buildConfigurationList = 9AEB58A91AB6318100BF103F /* Build configuration list for PBXProject "MdsClient" */;
			compatibilityVersion = "Xcode 3.2";
			developmentRegion = English;
			hasScannedForEncodings = 0;
			knownRegions = (
				en,
				Base,
			);
			mainGroup = 9AEB58A51AB6318100BF103F;
			productRefGroup = 9AEB58AF1AB6318100BF103F /* Products */;
			projectDirPath = "";
			projectRoot = "";
			targets = (
				9AEB58AD1AB6318100BF103F /* MdsClient */,
				9AEB58C21AB6318200BF103F /* MdsClientTests */,
			);
		};
/* End PBXProject section */

/* Begin PBXResourcesBuildPhase section */
		9AEB58AC1AB6318100BF103F /* Resources */ = {
			isa = PBXResourcesBuildPhase;
			buildActionMask = 2147483647;
			files = (
				9AEB58B91AB6318100BF103F /* Main.storyboard in Resources */,
				9AEB58BE1AB6318100BF103F /* LaunchScreen.xib in Resources */,
				9AEB58BB1AB6318100BF103F /* Images.xcassets in Resources */,
			);
			runOnlyForDeploymentPostprocessing = 0;
		};
		9AEB58C11AB6318200BF103F /* Resources */ = {
			isa = PBXResourcesBuildPhase;
			buildActionMask = 2147483647;
			files = (
			);
			runOnlyForDeploymentPostprocessing = 0;
		};
/* End PBXResourcesBuildPhase section */

/* Begin PBXSourcesBuildPhase section */
		9AEB58AA1AB6318100BF103F /* Sources */ = {
			isa = PBXSourcesBuildPhase;
			buildActionMask = 2147483647;
			files = (
				9A5080261AD9BEA300D15586 /* Ajax.swift in Sources */,
				9A5080221AD9B14700D15586 /* JFRandom.m in Sources */,
				9A5080211AD9B14700D15586 /* JFBCrypt.m in Sources */,
				9AEB58B61AB6318100BF103F /* SearchCatalog.swift in Sources */,
				9AEB58B41AB6318100BF103F /* AppDelegate.swift in Sources */,
				9A50802C1ADE056200D15586 /* RemoteMp3Player.swift in Sources */,
				9A50802A1ADC89E100D15586 /* Track.swift in Sources */,
				9A5080281AD9E70B00D15586 /* DataModel.swift in Sources */,
				9AEB58D41AB9241100BF103F /* Record.swift in Sources */,
				9A50801B1AD99EFD00D15586 /* Access.swift in Sources */,
			);
			runOnlyForDeploymentPostprocessing = 0;
		};
		9AEB58BF1AB6318200BF103F /* Sources */ = {
			isa = PBXSourcesBuildPhase;
			buildActionMask = 2147483647;
			files = (
				9AEB58CA1AB6318200BF103F /* MdsClientTests.swift in Sources */,
			);
			runOnlyForDeploymentPostprocessing = 0;
		};
/* End PBXSourcesBuildPhase section */

/* Begin PBXTargetDependency section */
		9AEB58C51AB6318200BF103F /* PBXTargetDependency */ = {
			isa = PBXTargetDependency;
			target = 9AEB58AD1AB6318100BF103F /* MdsClient */;
			targetProxy = 9AEB58C41AB6318200BF103F /* PBXContainerItemProxy */;
		};
/* End PBXTargetDependency section */

/* Begin PBXVariantGroup section */
		9AEB58B71AB6318100BF103F /* Main.storyboard */ = {
			isa = PBXVariantGroup;
			children = (
				9AEB58B81AB6318100BF103F /* Base */,
			);
			name = Main.storyboard;
			sourceTree = "<group>";
		};
		9AEB58BC1AB6318100BF103F /* LaunchScreen.xib */ = {
			isa = PBXVariantGroup;
			children = (
				9AEB58BD1AB6318100BF103F /* Base */,
			);
			name = LaunchScreen.xib;
			sourceTree = "<group>";
		};
/* End PBXVariantGroup section */

/* Begin XCBuildConfiguration section */
		9AEB58CB1AB6318200BF103F /* Debug */ = {
			isa = XCBuildConfiguration;
			buildSettings = {
				ALWAYS_SEARCH_USER_PATHS = NO;
				CLANG_CXX_LANGUAGE_STANDARD = "gnu++0x";
				CLANG_CXX_LIBRARY = "libc++";
				CLANG_ENABLE_MODULES = YES;
				CLANG_ENABLE_OBJC_ARC = YES;
				CLANG_WARN_BOOL_CONVERSION = YES;
				CLANG_WARN_CONSTANT_CONVERSION = YES;
				CLANG_WARN_DIRECT_OBJC_ISA_USAGE = YES_ERROR;
				CLANG_WARN_EMPTY_BODY = YES;
				CLANG_WARN_ENUM_CONVERSION = YES;
				CLANG_WARN_INT_CONVERSION = YES;
				CLANG_WARN_OBJC_ROOT_CLASS = YES_ERROR;
				CLANG_WARN_UNREACHABLE_CODE = YES;
				CLANG_WARN__DUPLICATE_METHOD_MATCH = YES;
				"CODE_SIGN_IDENTITY[sdk=iphoneos*]" = "iPhone Developer";
				COPY_PHASE_STRIP = NO;
				ENABLE_STRICT_OBJC_MSGSEND = YES;
				GCC_C_LANGUAGE_STANDARD = gnu99;
				GCC_DYNAMIC_NO_PIC = NO;
				GCC_OPTIMIZATION_LEVEL = 0;
				GCC_PREPROCESSOR_DEFINITIONS = (
					"DEBUG=1",
					"$(inherited)",
				);
				GCC_SYMBOLS_PRIVATE_EXTERN = NO;
				GCC_WARN_64_TO_32_BIT_CONVERSION = YES;
				GCC_WARN_ABOUT_RETURN_TYPE = YES_ERROR;
				GCC_WARN_UNDECLARED_SELECTOR = YES;
				GCC_WARN_UNINITIALIZED_AUTOS = YES_AGGRESSIVE;
				GCC_WARN_UNUSED_FUNCTION = YES;
				GCC_WARN_UNUSED_VARIABLE = YES;
				IPHONEOS_DEPLOYMENT_TARGET = 8.2;
				MTL_ENABLE_DEBUG_INFO = YES;
				ONLY_ACTIVE_ARCH = YES;
				SDKROOT = iphoneos;
				SWIFT_OPTIMIZATION_LEVEL = "-Onone";
				TARGETED_DEVICE_FAMILY = "1,2";
			};
			name = Debug;
		};
		9AEB58CC1AB6318200BF103F /* Release */ = {
			isa = XCBuildConfiguration;
			buildSettings = {
				ALWAYS_SEARCH_USER_PATHS = NO;
				CLANG_CXX_LANGUAGE_STANDARD = "gnu++0x";
				CLANG_CXX_LIBRARY = "libc++";
				CLANG_ENABLE_MODULES = YES;
				CLANG_ENABLE_OBJC_ARC = YES;
				CLANG_WARN_BOOL_CONVERSION = YES;
				CLANG_WARN_CONSTANT_CONVERSION = YES;
				CLANG_WARN_DIRECT_OBJC_ISA_USAGE = YES_ERROR;
				CLANG_WARN_EMPTY_BODY = YES;
				CLANG_WARN_ENUM_CONVERSION = YES;
				CLANG_WARN_INT_CONVERSION = YES;
				CLANG_WARN_OBJC_ROOT_CLASS = YES_ERROR;
				CLANG_WARN_UNREACHABLE_CODE = YES;
				CLANG_WARN__DUPLICATE_METHOD_MATCH = YES;
				"CODE_SIGN_IDENTITY[sdk=iphoneos*]" = "iPhone Developer";
				COPY_PHASE_STRIP = NO;
				ENABLE_NS_ASSERTIONS = NO;
				ENABLE_STRICT_OBJC_MSGSEND = YES;
				GCC_C_LANGUAGE_STANDARD = gnu99;
				GCC_WARN_64_TO_32_BIT_CONVERSION = YES;
				GCC_WARN_ABOUT_RETURN_TYPE = YES_ERROR;
				GCC_WARN_UNDECLARED_SELECTOR = YES;
				GCC_WARN_UNINITIALIZED_AUTOS = YES_AGGRESSIVE;
				GCC_WARN_UNUSED_FUNCTION = YES;
				GCC_WARN_UNUSED_VARIABLE = YES;
				IPHONEOS_DEPLOYMENT_TARGET = 8.2;
				MTL_ENABLE_DEBUG_INFO = NO;
				SDKROOT = iphoneos;
				TARGETED_DEVICE_FAMILY = "1,2";
				VALIDATE_PRODUCT = YES;
			};
			name = Release;
		};
		9AEB58CE1AB6318200BF103F /* Debug */ = {
			isa = XCBuildConfiguration;
			buildSettings = {
				ASSETCATALOG_COMPILER_APPICON_NAME = AppIcon;
				INFOPLIST_FILE = MdsClient/Info.plist;
				LD_RUNPATH_SEARCH_PATHS = "$(inherited) @executable_path/Frameworks";
				PRODUCT_NAME = "$(TARGET_NAME)";
				SWIFT_OBJC_BRIDGING_HEADER = "MdsClient/MdsClient-Bridging-Header.h";
			};
			name = Debug;
		};
		9AEB58CF1AB6318200BF103F /* Release */ = {
			isa = XCBuildConfiguration;
			buildSettings = {
				ASSETCATALOG_COMPILER_APPICON_NAME = AppIcon;
				INFOPLIST_FILE = MdsClient/Info.plist;
				LD_RUNPATH_SEARCH_PATHS = "$(inherited) @executable_path/Frameworks";
				PRODUCT_NAME = "$(TARGET_NAME)";
				SWIFT_OBJC_BRIDGING_HEADER = "MdsClient/MdsClient-Bridging-Header.h";
			};
			name = Release;
		};
		9AEB58D11AB6318200BF103F /* Debug */ = {
			isa = XCBuildConfiguration;
			buildSettings = {
				BUNDLE_LOADER = "$(TEST_HOST)";
				FRAMEWORK_SEARCH_PATHS = (
					"$(SDKROOT)/Developer/Library/Frameworks",
					"$(inherited)",
				);
				GCC_PREPROCESSOR_DEFINITIONS = (
					"DEBUG=1",
					"$(inherited)",
				);
				INFOPLIST_FILE = MdsClientTests/Info.plist;
				LD_RUNPATH_SEARCH_PATHS = "$(inherited) @executable_path/Frameworks @loader_path/Frameworks";
				PRODUCT_NAME = "$(TARGET_NAME)";
				TEST_HOST = "$(BUILT_PRODUCTS_DIR)/MdsClient.app/MdsClient";
			};
			name = Debug;
		};
		9AEB58D21AB6318200BF103F /* Release */ = {
			isa = XCBuildConfiguration;
			buildSettings = {
				BUNDLE_LOADER = "$(TEST_HOST)";
				FRAMEWORK_SEARCH_PATHS = (
					"$(SDKROOT)/Developer/Library/Frameworks",
					"$(inherited)",
				);
				INFOPLIST_FILE = MdsClientTests/Info.plist;
				LD_RUNPATH_SEARCH_PATHS = "$(inherited) @executable_path/Frameworks @loader_path/Frameworks";
				PRODUCT_NAME = "$(TARGET_NAME)";
				TEST_HOST = "$(BUILT_PRODUCTS_DIR)/MdsClient.app/MdsClient";
			};
			name = Release;
		};
/* End XCBuildConfiguration section */

/* Begin XCConfigurationList section */
		9AEB58A91AB6318100BF103F /* Build configuration list for PBXProject "MdsClient" */ = {
			isa = XCConfigurationList;
			buildConfigurations = (
				9AEB58CB1AB6318200BF103F /* Debug */,
				9AEB58CC1AB6318200BF103F /* Release */,
			);
			defaultConfigurationIsVisible = 0;
			defaultConfigurationName = Release;
		};
		9AEB58CD1AB6318200BF103F /* Build configuration list for PBXNativeTarget "MdsClient" */ = {
			isa = XCConfigurationList;
			buildConfigurations = (
				9AEB58CE1AB6318200BF103F /* Debug */,
				9AEB58CF1AB6318200BF103F /* Release */,
			);
			defaultConfigurationIsVisible = 0;
			defaultConfigurationName = Release;
		};
		9AEB58D01AB6318200BF103F /* Build configuration list for PBXNativeTarget "MdsClientTests" */ = {
			isa = XCConfigurationList;
			buildConfigurations = (
				9AEB58D11AB6318200BF103F /* Debug */,
				9AEB58D21AB6318200BF103F /* Release */,
			);
			defaultConfigurationIsVisible = 0;
			defaultConfigurationName = Release;
		};
/* End XCConfigurationList section */
	};
	rootObject = 9AEB58A61AB6318100BF103F /* Project object */;
}
